
Microsoft Visual Studio Solution File, Format Version 12.00
# Visual Studio 2013
VisualStudioVersion = 12.0.31101.0
MinimumVisualStudioVersion = 10.0.40219.1
Project("{8BC9CEB8-8B4A-11D0-8D11-00A0C91BC942}") = "OpenGlTest", "OpenGlTest\OpenGlTest.vcxproj", "{5948E7FB-220A-4878-8CC2-8E91D8217A8F}"
EndProject
Global
	GlobalSection(SolutionConfigurationPlatforms) = preSolution
		Debug|Win32 = Debug|Win32
		Debug|x64 = Debug|x64
		Release|Win32 = Release|Win32
		Release|x64 = Release|x64
	EndGlobalSection
	GlobalSection(ProjectConfigurationPlatforms) = postSolution
		{5948E7FB-220A-4878-8CC2-8E91D8217A8F}.Debug|Win32.ActiveCfg = Debug|Win32
		{5948E7FB-220A-4878-8CC2-8E91D8217A8F}.Debug|Win32.Build.0 = Debug|Win32
		{5948E7FB-220A-4878-8CC2-8E91D8217A8F}.Debug|x64.ActiveCfg = Debug|x64
		{5948E7FB-220A-4878-8CC2-8E91D8217A8F}.Debug|x64.Build.0 = Debug|x64
		{5948E7FB-220A-4878-8CC2-8E91D8217A8F}.Release|Win32.ActiveCfg = Release|Win32
		{5948E7FB-220A-4878-8CC2-8E91D8217A8F}.Release|Win32.Build.0 = Release|Win32
		{5948E7FB-220A-4878-8CC2-8E91D8217A8F}.Release|x64.ActiveCfg = Release|x64
		{5948E7FB-220A-4878-8CC2-8E91D8217A8F}.Release|x64.Build.0 = Release|x64
	EndGlobalSection
	GlobalSection(SolutionProperties) = preSolution
		HideSolutionNode = FALSE
	EndGlobalSection
EndGlobal
